// !$*UTF8*$!
{
	archiveVersion = 1;
	classes = {
	};
	objectVersion = 56;
	objects = {

/* Begin PBXBuildFile section */
		1A6C5BC02C6CDEF30095CB8F /* Router.swift in Sources */ = {isa = PBXBuildFile; fileRef = 1A6C5BBF2C6CDEF30095CB8F /* Router.swift */; };
		1A6C5BC32C6CE5FD0095CB8F /* ChatsView.swift in Sources */ = {isa = PBXBuildFile; fileRef = 1A6C5BC22C6CE5FD0095CB8F /* ChatsView.swift */; };
		1A6C5BC62C6CE61E0095CB8F /* SettingsView.swift in Sources */ = {isa = PBXBuildFile; fileRef = 1A6C5BC52C6CE61E0095CB8F /* SettingsView.swift */; };
		1A6C5BC82C6CE6FE0095CB8F /* ContentView.swift in Sources */ = {isa = PBXBuildFile; fileRef = 1A6C5BC72C6CE6FE0095CB8F /* ContentView.swift */; };
		1A6C5BCA2C6CEF0B0095CB8F /* Navigation +.swift in Sources */ = {isa = PBXBuildFile; fileRef = 1A6C5BC92C6CEF0B0095CB8F /* Navigation +.swift */; };
		1A6C5BCC2C6D00E50095CB8F /* WBTabBar.swift in Sources */ = {isa = PBXBuildFile; fileRef = 1A6C5BCB2C6D00E50095CB8F /* WBTabBar.swift */; };
		1A6C5BCE2C6E59BC0095CB8F /* View+.swift in Sources */ = {isa = PBXBuildFile; fileRef = 1A6C5BCD2C6E59BC0095CB8F /* View+.swift */; };
		1A8EE8DE2C6A18C500EE934C /* OpenAIAPI in Frameworks */ = {isa = PBXBuildFile; productRef = 1A8EE8DD2C6A18C500EE934C /* OpenAIAPI */; };
		1A9404832C6F755E00331778 /* GPTViewModel.swift in Sources */ = {isa = PBXBuildFile; fileRef = 1A9404822C6F755E00331778 /* GPTViewModel.swift */; };
		1A9404872C720C7600331778 /* GPTChatView.swift in Sources */ = {isa = PBXBuildFile; fileRef = 1A9404862C720C7600331778 /* GPTChatView.swift */; };
		1A94048C2C720E9100331778 /* GPTUser.swift in Sources */ = {isa = PBXBuildFile; fileRef = 1A94048B2C720E9100331778 /* GPTUser.swift */; };
		1A94048E2C720E9C00331778 /* GPTMessage.swift in Sources */ = {isa = PBXBuildFile; fileRef = 1A94048D2C720E9C00331778 /* GPTMessage.swift */; };
		1A9404962C72206D00331778 /* GPTChatRowView.swift in Sources */ = {isa = PBXBuildFile; fileRef = 1A9404952C72206D00331778 /* GPTChatRowView.swift */; };
		1AF8DDAD2C67A36000C5F315 /* ContactModel.swift in Sources */ = {isa = PBXBuildFile; fileRef = 1AF8DDAC2C67A36000C5F315 /* ContactModel.swift */; };
		1AF8DDAF2C67A36F00C5F315 /* ContactsView.swift in Sources */ = {isa = PBXBuildFile; fileRef = 1AF8DDAE2C67A36F00C5F315 /* ContactsView.swift */; };
		1AF8DDB12C67A38500C5F315 /* ContactsViewModel.swift in Sources */ = {isa = PBXBuildFile; fileRef = 1AF8DDB02C67A38500C5F315 /* ContactsViewModel.swift */; };
		1AF8DDB32C67A40400C5F315 /* Date+.swift in Sources */ = {isa = PBXBuildFile; fileRef = 1AF8DDB22C67A40400C5F315 /* Date+.swift */; };
		1AF8DDB72C67A78500C5F315 /* ContactRowView.swift in Sources */ = {isa = PBXBuildFile; fileRef = 1AF8DDB62C67A78500C5F315 /* ContactRowView.swift */; };
		1AF8DDBF2C67AC2000C5F315 /* UISystem in Frameworks */ = {isa = PBXBuildFile; productRef = 1AF8DDBE2C67AC2000C5F315 /* UISystem */; };
		2A1169C72C6E2111005BDBE4 /* RegistrationView.swift in Sources */ = {isa = PBXBuildFile; fileRef = 2A1169C62C6E2111005BDBE4 /* RegistrationView.swift */; };
		2A93B4E32C6F7A3D002C0DAA /* NameTextFieldsView.swift in Sources */ = {isa = PBXBuildFile; fileRef = 2AE593432C6F78B700E1ACB6 /* NameTextFieldsView.swift */; };
		2A93B4E42C6F7A3F002C0DAA /* PhoneTextFieldView.swift in Sources */ = {isa = PBXBuildFile; fileRef = 2AE593442C6F78B700E1ACB6 /* PhoneTextFieldView.swift */; };
		2A93B4E52C6F7A41002C0DAA /* SocialMediaTextFieldsView.swift in Sources */ = {isa = PBXBuildFile; fileRef = 2AE593452C6F78B700E1ACB6 /* SocialMediaTextFieldsView.swift */; };
		2A93B4E72C6F7BAF002C0DAA /* EditAvatarView.swift in Sources */ = {isa = PBXBuildFile; fileRef = 2A93B4E62C6F7BAF002C0DAA /* EditAvatarView.swift */; };
		2A93B4E92C6F7F19002C0DAA /* NewContactView.swift in Sources */ = {isa = PBXBuildFile; fileRef = 2A93B4E82C6F7F19002C0DAA /* NewContactView.swift */; };
		2A93B4EB2C6F8B7D002C0DAA /* EditContactView.swift in Sources */ = {isa = PBXBuildFile; fileRef = 2A93B4EA2C6F8B7D002C0DAA /* EditContactView.swift */; };
		2A93B4ED2C6F966A002C0DAA /* Binding+.swift in Sources */ = {isa = PBXBuildFile; fileRef = 2A93B4EC2C6F966A002C0DAA /* Binding+.swift */; };
		2A9C11C82C71EA1A00B06512 /* ExyteChat in Frameworks */ = {isa = PBXBuildFile; productRef = 2A9C11C72C71EA1A00B06512 /* ExyteChat */; };
		2AA033A52C6A56AE00053071 /* Country.swift in Sources */ = {isa = PBXBuildFile; fileRef = 2AA033A42C6A56AE00053071 /* Country.swift */; };
		2AA033A72C6A57A200053071 /* CountryView.swift in Sources */ = {isa = PBXBuildFile; fileRef = 2AA033A62C6A57A200053071 /* CountryView.swift */; };
		2AAC074F2C674DC400D712BF /* wb_chat_2App.swift in Sources */ = {isa = PBXBuildFile; fileRef = 2AAC074E2C674DC400D712BF /* wb_chat_2App.swift */; };
		2AAC07532C674DC500D712BF /* Assets.xcassets in Resources */ = {isa = PBXBuildFile; fileRef = 2AAC07522C674DC500D712BF /* Assets.xcassets */; };
		2AAC07562C674DC500D712BF /* Preview Assets.xcassets in Resources */ = {isa = PBXBuildFile; fileRef = 2AAC07552C674DC500D712BF /* Preview Assets.xcassets */; };
		2AD0664B2C67DD2B0015ECFB /* OnboardingView.swift in Sources */ = {isa = PBXBuildFile; fileRef = 2AD0664A2C67DD2B0015ECFB /* OnboardingView.swift */; };
		2AD066532C67DF320015ECFB /* TermsView.swift in Sources */ = {isa = PBXBuildFile; fileRef = 2AD066522C67DF320015ECFB /* TermsView.swift */; };
		2AD066552C67DF810015ECFB /* LoginView.swift in Sources */ = {isa = PBXBuildFile; fileRef = 2AD066542C67DF810015ECFB /* LoginView.swift */; };
		2AD066592C67DFB80015ECFB /* OnboardingInfo.swift in Sources */ = {isa = PBXBuildFile; fileRef = 2AD066582C67DFB80015ECFB /* OnboardingInfo.swift */; };
		2AD0665D2C67DFF70015ECFB /* ShakeAnimation.swift in Sources */ = {isa = PBXBuildFile; fileRef = 2AD0665C2C67DFF70015ECFB /* ShakeAnimation.swift */; };
		2AD066612C67E05F0015ECFB /* String+.swift in Sources */ = {isa = PBXBuildFile; fileRef = 2AD066602C67E05F0015ECFB /* String+.swift */; };
		650BF2FD2C68A8D50046B496 /* NotificationManager.swift in Sources */ = {isa = PBXBuildFile; fileRef = 650BF2FC2C68A8D50046B496 /* NotificationManager.swift */; };
		650BF3012C68AA770046B496 /* CodeVerificationViewModel.swift in Sources */ = {isa = PBXBuildFile; fileRef = 650BF3002C68AA770046B496 /* CodeVerificationViewModel.swift */; };
		650BF3042C68AC710046B496 /* RandomDigitSequnce.swift in Sources */ = {isa = PBXBuildFile; fileRef = 650BF3032C68AC710046B496 /* RandomDigitSequnce.swift */; };
		650BF3062C68AEF90046B496 /* CodeVerificationView.swift in Sources */ = {isa = PBXBuildFile; fileRef = 650BF3052C68AEF90046B496 /* CodeVerificationView.swift */; };
		653AA6682C7211EE00D62E59 /* EditContactViewModel.swift in Sources */ = {isa = PBXBuildFile; fileRef = 653AA6672C7211EE00D62E59 /* EditContactViewModel.swift */; };
		6568BC132C6E0BEC00CD46F4 /* SocialMedia.swift in Sources */ = {isa = PBXBuildFile; fileRef = 6568BC122C6E0BEC00CD46F4 /* SocialMedia.swift */; };
		6568BC182C6E0C9300CD46F4 /* Extension + UIImage.swift in Sources */ = {isa = PBXBuildFile; fileRef = 6568BC172C6E0C9300CD46F4 /* Extension + UIImage.swift */; };
		6568BC1F2C70A67400CD46F4 /* NewContactViewModel.swift in Sources */ = {isa = PBXBuildFile; fileRef = 6568BC1E2C70A67400CD46F4 /* NewContactViewModel.swift */; };
		6568BC212C71DE5F00CD46F4 /* User.swift in Sources */ = {isa = PBXBuildFile; fileRef = 6568BC202C71DE5F00CD46F4 /* User.swift */; };
		6568BC232C71DF2300CD46F4 /* RegistrationViewModel.swift in Sources */ = {isa = PBXBuildFile; fileRef = 6568BC222C71DF2300CD46F4 /* RegistrationViewModel.swift */; };
		65C98F8D2C6777EB00E54C0E /* Localizable.strings in Resources */ = {isa = PBXBuildFile; fileRef = 65C98F8B2C6777EB00E54C0E /* Localizable.strings */; };
		65C98F902C677B4500E54C0E /* LocalizedStrings.swift in Sources */ = {isa = PBXBuildFile; fileRef = 65C98F8F2C677B4500E54C0E /* LocalizedStrings.swift */; };
		E5477CA22C7360BE00CC024F /* MoreScreenView.swift in Sources */ = {isa = PBXBuildFile; fileRef = E5477CA12C7360BE00CC024F /* MoreScreenView.swift */; };
		E586DFA32C6CBEDD00220252 /* DetailScreenView.swift in Sources */ = {isa = PBXBuildFile; fileRef = E586DFA22C6CBEDD00220252 /* DetailScreenView.swift */; };
		E586DFA52C6CCA5800220252 /* SocialButton.swift in Sources */ = {isa = PBXBuildFile; fileRef = E586DFA42C6CCA5800220252 /* SocialButton.swift */; };
/* End PBXBuildFile section */

/* Begin PBXFileReference section */
		1A6C5BBF2C6CDEF30095CB8F /* Router.swift */ = {isa = PBXFileReference; lastKnownFileType = sourcecode.swift; path = Router.swift; sourceTree = "<group>"; };
		1A6C5BC22C6CE5FD0095CB8F /* ChatsView.swift */ = {isa = PBXFileReference; lastKnownFileType = sourcecode.swift; path = ChatsView.swift; sourceTree = "<group>"; };
		1A6C5BC52C6CE61E0095CB8F /* SettingsView.swift */ = {isa = PBXFileReference; lastKnownFileType = sourcecode.swift; path = SettingsView.swift; sourceTree = "<group>"; };
		1A6C5BC72C6CE6FE0095CB8F /* ContentView.swift */ = {isa = PBXFileReference; lastKnownFileType = sourcecode.swift; path = ContentView.swift; sourceTree = "<group>"; };
		1A6C5BC92C6CEF0B0095CB8F /* Navigation +.swift */ = {isa = PBXFileReference; lastKnownFileType = sourcecode.swift; path = "Navigation +.swift"; sourceTree = "<group>"; };
		1A6C5BCB2C6D00E50095CB8F /* WBTabBar.swift */ = {isa = PBXFileReference; lastKnownFileType = sourcecode.swift; path = WBTabBar.swift; sourceTree = "<group>"; };
		1A6C5BCD2C6E59BC0095CB8F /* View+.swift */ = {isa = PBXFileReference; lastKnownFileType = sourcecode.swift; path = "View+.swift"; sourceTree = "<group>"; };
		1A8EE8DC2C6A18AC00EE934C /* OpenAIAPI */ = {isa = PBXFileReference; lastKnownFileType = wrapper; name = OpenAIAPI; path = wb_chat_2/Modules/OpenAIAPI; sourceTree = SOURCE_ROOT; };
		1A9404822C6F755E00331778 /* GPTViewModel.swift */ = {isa = PBXFileReference; lastKnownFileType = sourcecode.swift; path = GPTViewModel.swift; sourceTree = "<group>"; };
		1A9404862C720C7600331778 /* GPTChatView.swift */ = {isa = PBXFileReference; lastKnownFileType = sourcecode.swift; path = GPTChatView.swift; sourceTree = "<group>"; };
		1A94048B2C720E9100331778 /* GPTUser.swift */ = {isa = PBXFileReference; lastKnownFileType = sourcecode.swift; path = GPTUser.swift; sourceTree = "<group>"; };
		1A94048D2C720E9C00331778 /* GPTMessage.swift */ = {isa = PBXFileReference; lastKnownFileType = sourcecode.swift; path = GPTMessage.swift; sourceTree = "<group>"; };
		1A9404952C72206D00331778 /* GPTChatRowView.swift */ = {isa = PBXFileReference; lastKnownFileType = sourcecode.swift; path = GPTChatRowView.swift; sourceTree = "<group>"; };
		1AF8DDAC2C67A36000C5F315 /* ContactModel.swift */ = {isa = PBXFileReference; lastKnownFileType = sourcecode.swift; path = ContactModel.swift; sourceTree = "<group>"; };
		1AF8DDAE2C67A36F00C5F315 /* ContactsView.swift */ = {isa = PBXFileReference; lastKnownFileType = sourcecode.swift; path = ContactsView.swift; sourceTree = "<group>"; };
		1AF8DDB02C67A38500C5F315 /* ContactsViewModel.swift */ = {isa = PBXFileReference; lastKnownFileType = sourcecode.swift; path = ContactsViewModel.swift; sourceTree = "<group>"; };
		1AF8DDB22C67A40400C5F315 /* Date+.swift */ = {isa = PBXFileReference; lastKnownFileType = sourcecode.swift; path = "Date+.swift"; sourceTree = "<group>"; };
		1AF8DDB62C67A78500C5F315 /* ContactRowView.swift */ = {isa = PBXFileReference; lastKnownFileType = sourcecode.swift; path = ContactRowView.swift; sourceTree = "<group>"; };
		1AF8DDBC2C67ABFE00C5F315 /* UISystem */ = {isa = PBXFileReference; lastKnownFileType = wrapper; name = UISystem; path = wb_chat_2/Modules/UISystem; sourceTree = SOURCE_ROOT; };
		2A1169C62C6E2111005BDBE4 /* RegistrationView.swift */ = {isa = PBXFileReference; lastKnownFileType = sourcecode.swift; path = RegistrationView.swift; sourceTree = "<group>"; };
		2A93B4E62C6F7BAF002C0DAA /* EditAvatarView.swift */ = {isa = PBXFileReference; lastKnownFileType = sourcecode.swift; path = EditAvatarView.swift; sourceTree = "<group>"; };
		2A93B4E82C6F7F19002C0DAA /* NewContactView.swift */ = {isa = PBXFileReference; lastKnownFileType = sourcecode.swift; path = NewContactView.swift; sourceTree = "<group>"; };
		2A93B4EA2C6F8B7D002C0DAA /* EditContactView.swift */ = {isa = PBXFileReference; lastKnownFileType = sourcecode.swift; path = EditContactView.swift; sourceTree = "<group>"; };
		2A93B4EC2C6F966A002C0DAA /* Binding+.swift */ = {isa = PBXFileReference; lastKnownFileType = sourcecode.swift; path = "Binding+.swift"; sourceTree = "<group>"; };
		2AA033A42C6A56AE00053071 /* Country.swift */ = {isa = PBXFileReference; lastKnownFileType = sourcecode.swift; path = Country.swift; sourceTree = "<group>"; };
		2AA033A62C6A57A200053071 /* CountryView.swift */ = {isa = PBXFileReference; lastKnownFileType = sourcecode.swift; path = CountryView.swift; sourceTree = "<group>"; };
		2AAC074B2C674DC400D712BF /* wb_chat_2.app */ = {isa = PBXFileReference; explicitFileType = wrapper.application; includeInIndex = 0; path = wb_chat_2.app; sourceTree = BUILT_PRODUCTS_DIR; };
		2AAC074E2C674DC400D712BF /* wb_chat_2App.swift */ = {isa = PBXFileReference; lastKnownFileType = sourcecode.swift; path = wb_chat_2App.swift; sourceTree = "<group>"; };
		2AAC07522C674DC500D712BF /* Assets.xcassets */ = {isa = PBXFileReference; lastKnownFileType = folder.assetcatalog; path = Assets.xcassets; sourceTree = "<group>"; };
		2AAC07552C674DC500D712BF /* Preview Assets.xcassets */ = {isa = PBXFileReference; lastKnownFileType = folder.assetcatalog; path = "Preview Assets.xcassets"; sourceTree = "<group>"; };
		2AD0664A2C67DD2B0015ECFB /* OnboardingView.swift */ = {isa = PBXFileReference; lastKnownFileType = sourcecode.swift; path = OnboardingView.swift; sourceTree = "<group>"; };
		2AD066522C67DF320015ECFB /* TermsView.swift */ = {isa = PBXFileReference; fileEncoding = 4; lastKnownFileType = sourcecode.swift; path = TermsView.swift; sourceTree = "<group>"; };
		2AD066542C67DF810015ECFB /* LoginView.swift */ = {isa = PBXFileReference; fileEncoding = 4; lastKnownFileType = sourcecode.swift; path = LoginView.swift; sourceTree = "<group>"; };
		2AD066582C67DFB80015ECFB /* OnboardingInfo.swift */ = {isa = PBXFileReference; fileEncoding = 4; lastKnownFileType = sourcecode.swift; path = OnboardingInfo.swift; sourceTree = "<group>"; };
		2AD0665C2C67DFF70015ECFB /* ShakeAnimation.swift */ = {isa = PBXFileReference; fileEncoding = 4; lastKnownFileType = sourcecode.swift; path = ShakeAnimation.swift; sourceTree = "<group>"; };
		2AD066602C67E05F0015ECFB /* String+.swift */ = {isa = PBXFileReference; fileEncoding = 4; lastKnownFileType = sourcecode.swift; path = "String+.swift"; sourceTree = "<group>"; };
		2AE593432C6F78B700E1ACB6 /* NameTextFieldsView.swift */ = {isa = PBXFileReference; lastKnownFileType = sourcecode.swift; path = NameTextFieldsView.swift; sourceTree = "<group>"; };
		2AE593442C6F78B700E1ACB6 /* PhoneTextFieldView.swift */ = {isa = PBXFileReference; lastKnownFileType = sourcecode.swift; path = PhoneTextFieldView.swift; sourceTree = "<group>"; };
		2AE593452C6F78B700E1ACB6 /* SocialMediaTextFieldsView.swift */ = {isa = PBXFileReference; lastKnownFileType = sourcecode.swift; path = SocialMediaTextFieldsView.swift; sourceTree = "<group>"; };
		650BF2FC2C68A8D50046B496 /* NotificationManager.swift */ = {isa = PBXFileReference; lastKnownFileType = sourcecode.swift; path = NotificationManager.swift; sourceTree = "<group>"; };
		650BF3002C68AA770046B496 /* CodeVerificationViewModel.swift */ = {isa = PBXFileReference; lastKnownFileType = sourcecode.swift; path = CodeVerificationViewModel.swift; sourceTree = "<group>"; };
		650BF3032C68AC710046B496 /* RandomDigitSequnce.swift */ = {isa = PBXFileReference; lastKnownFileType = sourcecode.swift; path = RandomDigitSequnce.swift; sourceTree = "<group>"; };
		650BF3052C68AEF90046B496 /* CodeVerificationView.swift */ = {isa = PBXFileReference; lastKnownFileType = sourcecode.swift; path = CodeVerificationView.swift; sourceTree = "<group>"; };
		653AA6672C7211EE00D62E59 /* EditContactViewModel.swift */ = {isa = PBXFileReference; lastKnownFileType = sourcecode.swift; path = EditContactViewModel.swift; sourceTree = "<group>"; };
		6568BC122C6E0BEC00CD46F4 /* SocialMedia.swift */ = {isa = PBXFileReference; lastKnownFileType = sourcecode.swift; path = SocialMedia.swift; sourceTree = "<group>"; };
		6568BC172C6E0C9300CD46F4 /* Extension + UIImage.swift */ = {isa = PBXFileReference; lastKnownFileType = sourcecode.swift; path = "Extension + UIImage.swift"; sourceTree = "<group>"; };
		6568BC1E2C70A67400CD46F4 /* NewContactViewModel.swift */ = {isa = PBXFileReference; lastKnownFileType = sourcecode.swift; path = NewContactViewModel.swift; sourceTree = "<group>"; };
		6568BC202C71DE5F00CD46F4 /* User.swift */ = {isa = PBXFileReference; lastKnownFileType = sourcecode.swift; path = User.swift; sourceTree = "<group>"; };
		6568BC222C71DF2300CD46F4 /* RegistrationViewModel.swift */ = {isa = PBXFileReference; lastKnownFileType = sourcecode.swift; path = RegistrationViewModel.swift; sourceTree = "<group>"; };
		65C98F8C2C6777EB00E54C0E /* ru */ = {isa = PBXFileReference; lastKnownFileType = text.plist.strings; name = ru; path = ru.lproj/Localizable.strings; sourceTree = "<group>"; };
		65C98F8E2C67784200E54C0E /* en */ = {isa = PBXFileReference; lastKnownFileType = text.plist.strings; name = en; path = en.lproj/Localizable.strings; sourceTree = "<group>"; };
		65C98F8F2C677B4500E54C0E /* LocalizedStrings.swift */ = {isa = PBXFileReference; lastKnownFileType = sourcecode.swift; path = LocalizedStrings.swift; sourceTree = "<group>"; };
		E5477CA12C7360BE00CC024F /* MoreScreenView.swift */ = {isa = PBXFileReference; lastKnownFileType = sourcecode.swift; path = MoreScreenView.swift; sourceTree = "<group>"; };
		E586DFA22C6CBEDD00220252 /* DetailScreenView.swift */ = {isa = PBXFileReference; lastKnownFileType = sourcecode.swift; path = DetailScreenView.swift; sourceTree = "<group>"; };
		E586DFA42C6CCA5800220252 /* SocialButton.swift */ = {isa = PBXFileReference; lastKnownFileType = sourcecode.swift; path = SocialButton.swift; sourceTree = "<group>"; };
		E5D0AD852C68FABF00B62E5C /* wb-chat-2-Info.plist */ = {isa = PBXFileReference; lastKnownFileType = text.plist; path = "wb-chat-2-Info.plist"; sourceTree = SOURCE_ROOT; };
/* End PBXFileReference section */

/* Begin PBXFrameworksBuildPhase section */
		2AAC07482C674DC400D712BF /* Frameworks */ = {
			isa = PBXFrameworksBuildPhase;
			buildActionMask = 2147483647;
			files = (
				1AF8DDBF2C67AC2000C5F315 /* UISystem in Frameworks */,
				1A8EE8DE2C6A18C500EE934C /* OpenAIAPI in Frameworks */,
				2A9C11C82C71EA1A00B06512 /* ExyteChat in Frameworks */,
			);
			runOnlyForDeploymentPostprocessing = 0;
		};
/* End PBXFrameworksBuildPhase section */

/* Begin PBXGroup section */
		1A6C5BC12C6CE5EC0095CB8F /* Chats */ = {
			isa = PBXGroup;
			children = (
				1A94048A2C720E7700331778 /* Models */,
				1A6C5BC22C6CE5FD0095CB8F /* ChatsView.swift */,
				1A9404862C720C7600331778 /* GPTChatView.swift */,
				1A9404952C72206D00331778 /* GPTChatRowView.swift */,
			);
			path = Chats;
			sourceTree = "<group>";
		};
		1A6C5BC42C6CE6030095CB8F /* Settings */ = {
			isa = PBXGroup;
			children = (
				1A6C5BC52C6CE61E0095CB8F /* SettingsView.swift */,
			);
			path = Settings;
			sourceTree = "<group>";
		};
		1A9404842C720B8000331778 /* Modules */ = {
			isa = PBXGroup;
			children = (
				1A8EE8DC2C6A18AC00EE934C /* OpenAIAPI */,
				1AF8DDBC2C67ABFE00C5F315 /* UISystem */,
			);
			path = Modules;
			sourceTree = "<group>";
		};
		1A94048A2C720E7700331778 /* Models */ = {
			isa = PBXGroup;
			children = (
				1A9404822C6F755E00331778 /* GPTViewModel.swift */,
				1A94048B2C720E9100331778 /* GPTUser.swift */,
				1A94048D2C720E9C00331778 /* GPTMessage.swift */,
			);
			path = Models;
			sourceTree = "<group>";
		};
		1AF8DDAB2C67A30500C5F315 /* Contacts */ = {
			isa = PBXGroup;
			children = (
				1AF8DDAE2C67A36F00C5F315 /* ContactsView.swift */,
				1AF8DDB62C67A78500C5F315 /* ContactRowView.swift */,
				1AF8DDB02C67A38500C5F315 /* ContactsViewModel.swift */,
				2A93B4E82C6F7F19002C0DAA /* NewContactView.swift */,
				6568BC1E2C70A67400CD46F4 /* NewContactViewModel.swift */,
			);
			path = Contacts;
			sourceTree = "<group>";
		};
		1AF8DDBD2C67AC2000C5F315 /* Frameworks */ = {
			isa = PBXGroup;
			children = (
			);
			name = Frameworks;
			sourceTree = "<group>";
		};
		2A1169C82C6E2147005BDBE4 /* Registration */ = {
			isa = PBXGroup;
			children = (
				2A1169C62C6E2111005BDBE4 /* RegistrationView.swift */,
				6568BC222C71DF2300CD46F4 /* RegistrationViewModel.swift */,
			);
			name = Registration;
			path = ..;
			sourceTree = "<group>";
		};
		2A93B4EE2C6FB6E1002C0DAA /* Components */ = {
			isa = PBXGroup;
			children = (
				2AE593462C6F78B700E1ACB6 /* WBTextFieldsViews */,
			);
			path = Components;
			sourceTree = "<group>";
		};
		2AA033AA2C6A7D9900053071 /* Onboarding */ = {
			isa = PBXGroup;
			children = (
				2AD0664A2C67DD2B0015ECFB /* OnboardingView.swift */,
				2AD066522C67DF320015ECFB /* TermsView.swift */,
			);
			path = Onboarding;
			sourceTree = "<group>";
		};
		2AA033AE2C6BB66D00053071 /* LoginView */ = {
			isa = PBXGroup;
			children = (
				2AD066542C67DF810015ECFB /* LoginView.swift */,
				2AA033A62C6A57A200053071 /* CountryView.swift */,
				2AD066582C67DFB80015ECFB /* OnboardingInfo.swift */,
				2AD0665C2C67DFF70015ECFB /* ShakeAnimation.swift */,
			);
			path = LoginView;
			sourceTree = "<group>";
		};
		2AA033AF2C6BB6B900053071 /* Extensions */ = {
			isa = PBXGroup;
			children = (
				1AF8DDB22C67A40400C5F315 /* Date+.swift */,
				2A93B4EC2C6F966A002C0DAA /* Binding+.swift */,
				2AD066602C67E05F0015ECFB /* String+.swift */,
				1A6C5BC92C6CEF0B0095CB8F /* Navigation +.swift */,
				1A6C5BCD2C6E59BC0095CB8F /* View+.swift */,
			);
			path = Extensions;
			sourceTree = "<group>";
		};
		2AAC07422C674DC400D712BF = {
			isa = PBXGroup;
			children = (
				2AAC074D2C674DC400D712BF /* wb_chat_2 */,
				2AAC074C2C674DC400D712BF /* Products */,
				1AF8DDBD2C67AC2000C5F315 /* Frameworks */,
			);
			sourceTree = "<group>";
		};
		2AAC074C2C674DC400D712BF /* Products */ = {
			isa = PBXGroup;
			children = (
				2AAC074B2C674DC400D712BF /* wb_chat_2.app */,
			);
			name = Products;
			sourceTree = "<group>";
		};
		2AAC074D2C674DC400D712BF /* wb_chat_2 */ = {
			isa = PBXGroup;
			children = (
				2AAC074E2C674DC400D712BF /* wb_chat_2App.swift */,
				1A6C5BC72C6CE6FE0095CB8F /* ContentView.swift */,
				1A9404842C720B8000331778 /* Modules */,
				E5477CA02C73609C00CC024F /* MoreView */,
				65C98F8A2C67746600E54C0E /* Localizable */,
				6568BC112C6E0B7000CD46F4 /* Model */,
				2A93B4EE2C6FB6E1002C0DAA /* Components */,
				2AA033AA2C6A7D9900053071 /* Onboarding */,
				2AA033AE2C6BB66D00053071 /* LoginView */,
				650BF2F92C68A59F0046B496 /* CodeVerification */,
				2A1169C82C6E2147005BDBE4 /* Registration */,
				1AF8DDAB2C67A30500C5F315 /* Contacts */,
				1A6C5BC12C6CE5EC0095CB8F /* Chats */,
				1A6C5BC42C6CE6030095CB8F /* Settings */,
				2AA033AF2C6BB6B900053071 /* Extensions */,
				650BF2FA2C68A64E0046B496 /* Extension */,
				E586DFA12C6CBEB900220252 /* DetailScreen */,
				650BF2FB2C68A6D20046B496 /* Services */,
				2AAC07522C674DC500D712BF /* Assets.xcassets */,
				E5D0AD852C68FABF00B62E5C /* wb-chat-2-Info.plist */,
				2AAC07542C674DC500D712BF /* Preview Content */,
			);
			path = wb_chat_2;
			sourceTree = "<group>";
		};
		2AAC07542C674DC500D712BF /* Preview Content */ = {
			isa = PBXGroup;
			children = (
				2AAC07552C674DC500D712BF /* Preview Assets.xcassets */,
			);
			path = "Preview Content";
			sourceTree = "<group>";
		};
		2AE593462C6F78B700E1ACB6 /* WBTextFieldsViews */ = {
			isa = PBXGroup;
			children = (
				2A93B4E62C6F7BAF002C0DAA /* EditAvatarView.swift */,
				2AE593432C6F78B700E1ACB6 /* NameTextFieldsView.swift */,
				2AE593442C6F78B700E1ACB6 /* PhoneTextFieldView.swift */,
				2AE593452C6F78B700E1ACB6 /* SocialMediaTextFieldsView.swift */,
			);
			path = WBTextFieldsViews;
			sourceTree = "<group>";
		};
		650BF2F92C68A59F0046B496 /* CodeVerification */ = {
			isa = PBXGroup;
			children = (
				650BF3052C68AEF90046B496 /* CodeVerificationView.swift */,
				650BF3002C68AA770046B496 /* CodeVerificationViewModel.swift */,
				650BF3032C68AC710046B496 /* RandomDigitSequnce.swift */,
			);
			path = CodeVerification;
			sourceTree = "<group>";
		};
		650BF2FA2C68A64E0046B496 /* Extension */ = {
			isa = PBXGroup;
			children = (
				6568BC172C6E0C9300CD46F4 /* Extension + UIImage.swift */,
			);
			path = Extension;
			sourceTree = "<group>";
		};
		650BF2FB2C68A6D20046B496 /* Services */ = {
			isa = PBXGroup;
			children = (
				1A6C5BCB2C6D00E50095CB8F /* WBTabBar.swift */,
				650BF2FC2C68A8D50046B496 /* NotificationManager.swift */,
				1A6C5BBF2C6CDEF30095CB8F /* Router.swift */,
			);
			path = Services;
			sourceTree = "<group>";
		};
		6568BC112C6E0B7000CD46F4 /* Model */ = {
			isa = PBXGroup;
			children = (
				2AA033A42C6A56AE00053071 /* Country.swift */,
				1AF8DDAC2C67A36000C5F315 /* ContactModel.swift */,
				6568BC122C6E0BEC00CD46F4 /* SocialMedia.swift */,
				6568BC202C71DE5F00CD46F4 /* User.swift */,
			);
			path = Model;
			sourceTree = "<group>";
		};
		65C98F8A2C67746600E54C0E /* Localizable */ = {
			isa = PBXGroup;
			children = (
				65C98F8B2C6777EB00E54C0E /* Localizable.strings */,
				65C98F8F2C677B4500E54C0E /* LocalizedStrings.swift */,
			);
			path = Localizable;
			sourceTree = "<group>";
		};
		E5477CA02C73609C00CC024F /* MoreView */ = {
			isa = PBXGroup;
			children = (
				E5477CA12C7360BE00CC024F /* MoreScreenView.swift */,
			);
			path = MoreView;
			sourceTree = "<group>";
		};
		E586DFA12C6CBEB900220252 /* DetailScreen */ = {
			isa = PBXGroup;
			children = (
				E586DFA22C6CBEDD00220252 /* DetailScreenView.swift */,
				2A93B4EA2C6F8B7D002C0DAA /* EditContactView.swift */,
				653AA6672C7211EE00D62E59 /* EditContactViewModel.swift */,
				E586DFA42C6CCA5800220252 /* SocialButton.swift */,
			);
			path = DetailScreen;
			sourceTree = "<group>";
		};
/* End PBXGroup section */

/* Begin PBXNativeTarget section */
		2AAC074A2C674DC400D712BF /* wb_chat_2 */ = {
			isa = PBXNativeTarget;
			buildConfigurationList = 2AAC07592C674DC500D712BF /* Build configuration list for PBXNativeTarget "wb_chat_2" */;
			buildPhases = (
				2AAC07472C674DC400D712BF /* Sources */,
				2AAC07482C674DC400D712BF /* Frameworks */,
				2AAC07492C674DC400D712BF /* Resources */,
			);
			buildRules = (
			);
			dependencies = (
			);
			name = wb_chat_2;
			packageProductDependencies = (
				1AF8DDBE2C67AC2000C5F315 /* UISystem */,
				1A8EE8DD2C6A18C500EE934C /* OpenAIAPI */,
				2A9C11C72C71EA1A00B06512 /* ExyteChat */,
			);
			productName = wb_chat_2;
			productReference = 2AAC074B2C674DC400D712BF /* wb_chat_2.app */;
			productType = "com.apple.product-type.application";
		};
/* End PBXNativeTarget section */

/* Begin PBXProject section */
		2AAC07432C674DC400D712BF /* Project object */ = {
			isa = PBXProject;
			attributes = {
				BuildIndependentTargetsInParallel = 1;
				LastSwiftUpdateCheck = 1540;
				LastUpgradeCheck = 1540;
				TargetAttributes = {
					2AAC074A2C674DC400D712BF = {
						CreatedOnToolsVersion = 15.4;
					};
				};
			};
			buildConfigurationList = 2AAC07462C674DC400D712BF /* Build configuration list for PBXProject "wb_chat_2" */;
			compatibilityVersion = "Xcode 14.0";
			developmentRegion = ru;
			hasScannedForEncodings = 0;
			knownRegions = (
				en,
				Base,
				ru,
			);
			mainGroup = 2AAC07422C674DC400D712BF;
			packageReferences = (
				2A9C11C62C71EA1A00B06512 /* XCRemoteSwiftPackageReference "Chat" */,
			);
			productRefGroup = 2AAC074C2C674DC400D712BF /* Products */;
			projectDirPath = "";
			projectRoot = "";
			targets = (
				2AAC074A2C674DC400D712BF /* wb_chat_2 */,
			);
		};
/* End PBXProject section */

/* Begin PBXResourcesBuildPhase section */
		2AAC07492C674DC400D712BF /* Resources */ = {
			isa = PBXResourcesBuildPhase;
			buildActionMask = 2147483647;
			files = (
				2AAC07562C674DC500D712BF /* Preview Assets.xcassets in Resources */,
				65C98F8D2C6777EB00E54C0E /* Localizable.strings in Resources */,
				2AAC07532C674DC500D712BF /* Assets.xcassets in Resources */,
			);
			runOnlyForDeploymentPostprocessing = 0;
		};
/* End PBXResourcesBuildPhase section */

/* Begin PBXSourcesBuildPhase section */
		2AAC07472C674DC400D712BF /* Sources */ = {
			isa = PBXSourcesBuildPhase;
			buildActionMask = 2147483647;
			files = (
				2AD066532C67DF320015ECFB /* TermsView.swift in Sources */,
				2AD066552C67DF810015ECFB /* LoginView.swift in Sources */,
				1A6C5BC82C6CE6FE0095CB8F /* ContentView.swift in Sources */,
				2A93B4E72C6F7BAF002C0DAA /* EditAvatarView.swift in Sources */,
				1A6C5BC32C6CE5FD0095CB8F /* ChatsView.swift in Sources */,
				1A6C5BCC2C6D00E50095CB8F /* WBTabBar.swift in Sources */,
				6568BC1F2C70A67400CD46F4 /* NewContactViewModel.swift in Sources */,
				E5477CA22C7360BE00CC024F /* MoreScreenView.swift in Sources */,
				1A6C5BC02C6CDEF30095CB8F /* Router.swift in Sources */,
				2A93B4E42C6F7A3F002C0DAA /* PhoneTextFieldView.swift in Sources */,
				2AD0664B2C67DD2B0015ECFB /* OnboardingView.swift in Sources */,
				2AA033A52C6A56AE00053071 /* Country.swift in Sources */,
				2AA033A72C6A57A200053071 /* CountryView.swift in Sources */,
				6568BC232C71DF2300CD46F4 /* RegistrationViewModel.swift in Sources */,
				1A9404872C720C7600331778 /* GPTChatView.swift in Sources */,
				65C98F902C677B4500E54C0E /* LocalizedStrings.swift in Sources */,
				1A94048C2C720E9100331778 /* GPTUser.swift in Sources */,
				2AD066592C67DFB80015ECFB /* OnboardingInfo.swift in Sources */,
				1AF8DDB32C67A40400C5F315 /* Date+.swift in Sources */,
				1A6C5BCE2C6E59BC0095CB8F /* View+.swift in Sources */,
				2A93B4ED2C6F966A002C0DAA /* Binding+.swift in Sources */,
				2A93B4E32C6F7A3D002C0DAA /* NameTextFieldsView.swift in Sources */,
				1AF8DDB72C67A78500C5F315 /* ContactRowView.swift in Sources */,
				6568BC182C6E0C9300CD46F4 /* Extension + UIImage.swift in Sources */,
				1AF8DDB12C67A38500C5F315 /* ContactsViewModel.swift in Sources */,
				65C98F902C677B4500E54C0E /* LocalizedStrings.swift in Sources */,
				6568BC212C71DE5F00CD46F4 /* User.swift in Sources */,
				1AF8DDAD2C67A36000C5F315 /* ContactModel.swift in Sources */,
				2A1169C72C6E2111005BDBE4 /* RegistrationView.swift in Sources */,
				1AF8DDAF2C67A36F00C5F315 /* ContactsView.swift in Sources */,
				6568BC132C6E0BEC00CD46F4 /* SocialMedia.swift in Sources */,
				2AAC074F2C674DC400D712BF /* wb_chat_2App.swift in Sources */,
				653AA6682C7211EE00D62E59 /* EditContactViewModel.swift in Sources */,
				2A93B4EB2C6F8B7D002C0DAA /* EditContactView.swift in Sources */,
				2AD066612C67E05F0015ECFB /* String+.swift in Sources */,
				2A93B4E52C6F7A41002C0DAA /* SocialMediaTextFieldsView.swift in Sources */,
				2A93B4E92C6F7F19002C0DAA /* NewContactView.swift in Sources */,
				E586DFA32C6CBEDD00220252 /* DetailScreenView.swift in Sources */,
				2AD0665D2C67DFF70015ECFB /* ShakeAnimation.swift in Sources */,
				1A6C5BC62C6CE61E0095CB8F /* SettingsView.swift in Sources */,
				1A6C5BCA2C6CEF0B0095CB8F /* Navigation +.swift in Sources */,
				650BF3012C68AA770046B496 /* CodeVerificationViewModel.swift in Sources */,
				650BF3062C68AEF90046B496 /* CodeVerificationView.swift in Sources */,
				1A9404832C6F755E00331778 /* GPTViewModel.swift in Sources */,
				650BF2FD2C68A8D50046B496 /* NotificationManager.swift in Sources */,
				65C98F902C677B4500E54C0E /* LocalizedStrings.swift in Sources */,
				2AAC074F2C674DC400D712BF /* wb_chat_2App.swift in Sources */,
				650BF3042C68AC710046B496 /* RandomDigitSequnce.swift in Sources */,
				E586DFA52C6CCA5800220252 /* SocialButton.swift in Sources */,
				1A9404962C72206D00331778 /* GPTChatRowView.swift in Sources */,
				1A94048E2C720E9C00331778 /* GPTMessage.swift in Sources */,
			);
			runOnlyForDeploymentPostprocessing = 0;
		};
/* End PBXSourcesBuildPhase section */

/* Begin PBXVariantGroup section */
		65C98F8B2C6777EB00E54C0E /* Localizable.strings */ = {
			isa = PBXVariantGroup;
			children = (
				65C98F8C2C6777EB00E54C0E /* ru */,
				65C98F8E2C67784200E54C0E /* en */,
			);
			name = Localizable.strings;
			sourceTree = "<group>";
		};
/* End PBXVariantGroup section */

/* Begin XCBuildConfiguration section */
		2AAC07572C674DC500D712BF /* Debug */ = {
			isa = XCBuildConfiguration;
			buildSettings = {
				ALWAYS_SEARCH_USER_PATHS = NO;
				ASSETCATALOG_COMPILER_GENERATE_SWIFT_ASSET_SYMBOL_EXTENSIONS = YES;
				CLANG_ANALYZER_NONNULL = YES;
				CLANG_ANALYZER_NUMBER_OBJECT_CONVERSION = YES_AGGRESSIVE;
				CLANG_CXX_LANGUAGE_STANDARD = "gnu++20";
				CLANG_ENABLE_MODULES = YES;
				CLANG_ENABLE_OBJC_ARC = YES;
				CLANG_ENABLE_OBJC_WEAK = YES;
				CLANG_WARN_BLOCK_CAPTURE_AUTORELEASING = YES;
				CLANG_WARN_BOOL_CONVERSION = YES;
				CLANG_WARN_COMMA = YES;
				CLANG_WARN_CONSTANT_CONVERSION = YES;
				CLANG_WARN_DEPRECATED_OBJC_IMPLEMENTATIONS = YES;
				CLANG_WARN_DIRECT_OBJC_ISA_USAGE = YES_ERROR;
				CLANG_WARN_DOCUMENTATION_COMMENTS = YES;
				CLANG_WARN_EMPTY_BODY = YES;
				CLANG_WARN_ENUM_CONVERSION = YES;
				CLANG_WARN_INFINITE_RECURSION = YES;
				CLANG_WARN_INT_CONVERSION = YES;
				CLANG_WARN_NON_LITERAL_NULL_CONVERSION = YES;
				CLANG_WARN_OBJC_IMPLICIT_RETAIN_SELF = YES;
				CLANG_WARN_OBJC_LITERAL_CONVERSION = YES;
				CLANG_WARN_OBJC_ROOT_CLASS = YES_ERROR;
				CLANG_WARN_QUOTED_INCLUDE_IN_FRAMEWORK_HEADER = YES;
				CLANG_WARN_RANGE_LOOP_ANALYSIS = YES;
				CLANG_WARN_STRICT_PROTOTYPES = YES;
				CLANG_WARN_SUSPICIOUS_MOVE = YES;
				CLANG_WARN_UNGUARDED_AVAILABILITY = YES_AGGRESSIVE;
				CLANG_WARN_UNREACHABLE_CODE = YES;
				CLANG_WARN__DUPLICATE_METHOD_MATCH = YES;
				COPY_PHASE_STRIP = NO;
				DEBUG_INFORMATION_FORMAT = dwarf;
				ENABLE_STRICT_OBJC_MSGSEND = YES;
				ENABLE_TESTABILITY = YES;
				ENABLE_USER_SCRIPT_SANDBOXING = YES;
				GCC_C_LANGUAGE_STANDARD = gnu17;
				GCC_DYNAMIC_NO_PIC = NO;
				GCC_NO_COMMON_BLOCKS = YES;
				GCC_OPTIMIZATION_LEVEL = 0;
				GCC_PREPROCESSOR_DEFINITIONS = (
					"DEBUG=1",
					"$(inherited)",
				);
				GCC_WARN_64_TO_32_BIT_CONVERSION = YES;
				GCC_WARN_ABOUT_RETURN_TYPE = YES_ERROR;
				GCC_WARN_UNDECLARED_SELECTOR = YES;
				GCC_WARN_UNINITIALIZED_AUTOS = YES_AGGRESSIVE;
				GCC_WARN_UNUSED_FUNCTION = YES;
				GCC_WARN_UNUSED_VARIABLE = YES;
				IPHONEOS_DEPLOYMENT_TARGET = 17.0;
				LOCALIZATION_PREFERS_STRING_CATALOGS = YES;
				MTL_ENABLE_DEBUG_INFO = INCLUDE_SOURCE;
				MTL_FAST_MATH = YES;
				ONLY_ACTIVE_ARCH = YES;
				SDKROOT = iphoneos;
				SWIFT_ACTIVE_COMPILATION_CONDITIONS = "DEBUG $(inherited)";
				SWIFT_OPTIMIZATION_LEVEL = "-Onone";
			};
			name = Debug;
		};
		2AAC07582C674DC500D712BF /* Release */ = {
			isa = XCBuildConfiguration;
			buildSettings = {
				ALWAYS_SEARCH_USER_PATHS = NO;
				ASSETCATALOG_COMPILER_GENERATE_SWIFT_ASSET_SYMBOL_EXTENSIONS = YES;
				CLANG_ANALYZER_NONNULL = YES;
				CLANG_ANALYZER_NUMBER_OBJECT_CONVERSION = YES_AGGRESSIVE;
				CLANG_CXX_LANGUAGE_STANDARD = "gnu++20";
				CLANG_ENABLE_MODULES = YES;
				CLANG_ENABLE_OBJC_ARC = YES;
				CLANG_ENABLE_OBJC_WEAK = YES;
				CLANG_WARN_BLOCK_CAPTURE_AUTORELEASING = YES;
				CLANG_WARN_BOOL_CONVERSION = YES;
				CLANG_WARN_COMMA = YES;
				CLANG_WARN_CONSTANT_CONVERSION = YES;
				CLANG_WARN_DEPRECATED_OBJC_IMPLEMENTATIONS = YES;
				CLANG_WARN_DIRECT_OBJC_ISA_USAGE = YES_ERROR;
				CLANG_WARN_DOCUMENTATION_COMMENTS = YES;
				CLANG_WARN_EMPTY_BODY = YES;
				CLANG_WARN_ENUM_CONVERSION = YES;
				CLANG_WARN_INFINITE_RECURSION = YES;
				CLANG_WARN_INT_CONVERSION = YES;
				CLANG_WARN_NON_LITERAL_NULL_CONVERSION = YES;
				CLANG_WARN_OBJC_IMPLICIT_RETAIN_SELF = YES;
				CLANG_WARN_OBJC_LITERAL_CONVERSION = YES;
				CLANG_WARN_OBJC_ROOT_CLASS = YES_ERROR;
				CLANG_WARN_QUOTED_INCLUDE_IN_FRAMEWORK_HEADER = YES;
				CLANG_WARN_RANGE_LOOP_ANALYSIS = YES;
				CLANG_WARN_STRICT_PROTOTYPES = YES;
				CLANG_WARN_SUSPICIOUS_MOVE = YES;
				CLANG_WARN_UNGUARDED_AVAILABILITY = YES_AGGRESSIVE;
				CLANG_WARN_UNREACHABLE_CODE = YES;
				CLANG_WARN__DUPLICATE_METHOD_MATCH = YES;
				COPY_PHASE_STRIP = NO;
				DEBUG_INFORMATION_FORMAT = "dwarf-with-dsym";
				ENABLE_NS_ASSERTIONS = NO;
				ENABLE_STRICT_OBJC_MSGSEND = YES;
				ENABLE_USER_SCRIPT_SANDBOXING = YES;
				GCC_C_LANGUAGE_STANDARD = gnu17;
				GCC_NO_COMMON_BLOCKS = YES;
				GCC_WARN_64_TO_32_BIT_CONVERSION = YES;
				GCC_WARN_ABOUT_RETURN_TYPE = YES_ERROR;
				GCC_WARN_UNDECLARED_SELECTOR = YES;
				GCC_WARN_UNINITIALIZED_AUTOS = YES_AGGRESSIVE;
				GCC_WARN_UNUSED_FUNCTION = YES;
				GCC_WARN_UNUSED_VARIABLE = YES;
				IPHONEOS_DEPLOYMENT_TARGET = 17.0;
				LOCALIZATION_PREFERS_STRING_CATALOGS = YES;
				MTL_ENABLE_DEBUG_INFO = NO;
				MTL_FAST_MATH = YES;
				SDKROOT = iphoneos;
				SWIFT_COMPILATION_MODE = wholemodule;
				VALIDATE_PRODUCT = YES;
			};
			name = Release;
		};
		2AAC075A2C674DC500D712BF /* Debug */ = {
			isa = XCBuildConfiguration;
			buildSettings = {
				ASSETCATALOG_COMPILER_APPICON_NAME = AppIcon;
				ASSETCATALOG_COMPILER_GLOBAL_ACCENT_COLOR_NAME = AccentColor;
				CODE_SIGN_STYLE = Automatic;
				CURRENT_PROJECT_VERSION = 1;
				DEVELOPMENT_ASSET_PATHS = "\"wb_chat_2/Preview Content\"";
				DEVELOPMENT_TEAM = DWL5A95D8B;
				ENABLE_PREVIEWS = YES;
				GENERATE_INFOPLIST_FILE = YES;
				INFOPLIST_FILE = "wb-chat-2-Info.plist";
				INFOPLIST_KEY_UIApplicationSceneManifest_Generation = YES;
				INFOPLIST_KEY_UIApplicationSupportsIndirectInputEvents = YES;
				INFOPLIST_KEY_UILaunchScreen_Generation = YES;
				INFOPLIST_KEY_UISupportedInterfaceOrientations_iPad = "UIInterfaceOrientationPortrait UIInterfaceOrientationPortraitUpsideDown UIInterfaceOrientationLandscapeLeft UIInterfaceOrientationLandscapeRight";
				INFOPLIST_KEY_UISupportedInterfaceOrientations_iPhone = "UIInterfaceOrientationPortrait UIInterfaceOrientationLandscapeLeft UIInterfaceOrientationLandscapeRight";
				IPHONEOS_DEPLOYMENT_TARGET = 17.0;
				LD_RUNPATH_SEARCH_PATHS = (
					"$(inherited)",
					"@executable_path/Frameworks",
				);
				MARKETING_VERSION = 1.0;
				PRODUCT_BUNDLE_IDENTIFIER = "alexnikxx.wb-chat-2";
				PRODUCT_NAME = "$(TARGET_NAME)";
				SWIFT_EMIT_LOC_STRINGS = YES;
				SWIFT_VERSION = 5.0;
				TARGETED_DEVICE_FAMILY = "1,2";
			};
			name = Debug;
		};
		2AAC075B2C674DC500D712BF /* Release */ = {
			isa = XCBuildConfiguration;
			buildSettings = {
				ASSETCATALOG_COMPILER_APPICON_NAME = AppIcon;
				ASSETCATALOG_COMPILER_GLOBAL_ACCENT_COLOR_NAME = AccentColor;
				CODE_SIGN_STYLE = Automatic;
				CURRENT_PROJECT_VERSION = 1;
				DEVELOPMENT_ASSET_PATHS = "\"wb_chat_2/Preview Content\"";
				DEVELOPMENT_TEAM = DWL5A95D8B;
				ENABLE_PREVIEWS = YES;
				GENERATE_INFOPLIST_FILE = YES;
				INFOPLIST_FILE = "wb-chat-2-Info.plist";
				INFOPLIST_KEY_UIApplicationSceneManifest_Generation = YES;
				INFOPLIST_KEY_UIApplicationSupportsIndirectInputEvents = YES;
				INFOPLIST_KEY_UILaunchScreen_Generation = YES;
				INFOPLIST_KEY_UISupportedInterfaceOrientations_iPad = "UIInterfaceOrientationPortrait UIInterfaceOrientationPortraitUpsideDown UIInterfaceOrientationLandscapeLeft UIInterfaceOrientationLandscapeRight";
				INFOPLIST_KEY_UISupportedInterfaceOrientations_iPhone = "UIInterfaceOrientationPortrait UIInterfaceOrientationLandscapeLeft UIInterfaceOrientationLandscapeRight";
				IPHONEOS_DEPLOYMENT_TARGET = 17.0;
				LD_RUNPATH_SEARCH_PATHS = (
					"$(inherited)",
					"@executable_path/Frameworks",
				);
				MARKETING_VERSION = 1.0;
				PRODUCT_BUNDLE_IDENTIFIER = "alexnikxx.wb-chat-2";
				PRODUCT_NAME = "$(TARGET_NAME)";
				SWIFT_EMIT_LOC_STRINGS = YES;
				SWIFT_VERSION = 5.0;
				TARGETED_DEVICE_FAMILY = "1,2";
			};
			name = Release;
		};
/* End XCBuildConfiguration section */

/* Begin XCConfigurationList section */
		2AAC07462C674DC400D712BF /* Build configuration list for PBXProject "wb_chat_2" */ = {
			isa = XCConfigurationList;
			buildConfigurations = (
				2AAC07572C674DC500D712BF /* Debug */,
				2AAC07582C674DC500D712BF /* Release */,
			);
			defaultConfigurationIsVisible = 0;
			defaultConfigurationName = Release;
		};
		2AAC07592C674DC500D712BF /* Build configuration list for PBXNativeTarget "wb_chat_2" */ = {
			isa = XCConfigurationList;
			buildConfigurations = (
				2AAC075A2C674DC500D712BF /* Debug */,
				2AAC075B2C674DC500D712BF /* Release */,
			);
			defaultConfigurationIsVisible = 0;
			defaultConfigurationName = Release;
		};
/* End XCConfigurationList section */

/* Begin XCRemoteSwiftPackageReference section */
		2A9C11C62C71EA1A00B06512 /* XCRemoteSwiftPackageReference "Chat" */ = {
			isa = XCRemoteSwiftPackageReference;
			repositoryURL = "https://github.com/exyte/Chat";
			requirement = {
				kind = upToNextMajorVersion;
				minimumVersion = 2.0.3;
			};
		};
/* End XCRemoteSwiftPackageReference section */

/* Begin XCSwiftPackageProductDependency section */
		1A8EE8DD2C6A18C500EE934C /* OpenAIAPI */ = {
			isa = XCSwiftPackageProductDependency;
			productName = OpenAIAPI;
		};
		1AF8DDBE2C67AC2000C5F315 /* UISystem */ = {
			isa = XCSwiftPackageProductDependency;
			productName = UISystem;
		};
		2A9C11C72C71EA1A00B06512 /* ExyteChat */ = {
			isa = XCSwiftPackageProductDependency;
			package = 2A9C11C62C71EA1A00B06512 /* XCRemoteSwiftPackageReference "Chat" */;
			productName = ExyteChat;
		};
/* End XCSwiftPackageProductDependency section */
	};
	rootObject = 2AAC07432C674DC400D712BF /* Project object */;
}
